// !$*UTF8*$!
{
	archiveVersion = 1;
	classes = {
	};
	objectVersion = 46;
	objects = {

/* Begin PBXBuildFile section */
		7616D1351F2170B300EFB911 /* Item+CoreDataClass.swift in Sources */ = {isa = PBXBuildFile; fileRef = 7616D12D1F2170B300EFB911 /* Item+CoreDataClass.swift */; };
		7616D1361F2170B300EFB911 /* Item+CoreDataProperties.swift in Sources */ = {isa = PBXBuildFile; fileRef = 7616D12E1F2170B300EFB911 /* Item+CoreDataProperties.swift */; };
		7616D1371F2170B300EFB911 /* ItemType+CoreDataClass.swift in Sources */ = {isa = PBXBuildFile; fileRef = 7616D12F1F2170B300EFB911 /* ItemType+CoreDataClass.swift */; };
		7616D1381F2170B300EFB911 /* ItemType+CoreDataProperties.swift in Sources */ = {isa = PBXBuildFile; fileRef = 7616D1301F2170B300EFB911 /* ItemType+CoreDataProperties.swift */; };
		7616D1391F2170B300EFB911 /* Image+CoreDataClass.swift in Sources */ = {isa = PBXBuildFile; fileRef = 7616D1311F2170B300EFB911 /* Image+CoreDataClass.swift */; };
		7616D13A1F2170B300EFB911 /* Image+CoreDataProperties.swift in Sources */ = {isa = PBXBuildFile; fileRef = 7616D1321F2170B300EFB911 /* Image+CoreDataProperties.swift */; };
		7616D13B1F2170B300EFB911 /* Store+CoreDataClass.swift in Sources */ = {isa = PBXBuildFile; fileRef = 7616D1331F2170B300EFB911 /* Store+CoreDataClass.swift */; };
		7616D13C1F2170B300EFB911 /* Store+CoreDataProperties.swift in Sources */ = {isa = PBXBuildFile; fileRef = 7616D1341F2170B300EFB911 /* Store+CoreDataProperties.swift */; };
		7616D1401F22AB9400EFB911 /* tesla.jpg in Resources */ = {isa = PBXBuildFile; fileRef = 7616D13F1F22AB9400EFB911 /* tesla.jpg */; };
		7616D1431F22ABE600EFB911 /* MaterialView.swift in Sources */ = {isa = PBXBuildFile; fileRef = 7616D1421F22ABE600EFB911 /* MaterialView.swift */; };
		7616D1451F22B30100EFB911 /* ItemCell.swift in Sources */ = {isa = PBXBuildFile; fileRef = 7616D1441F22B30100EFB911 /* ItemCell.swift */; };
		76E2A3711F27F5D00087A143 /* ItemDetailsVC.swift in Sources */ = {isa = PBXBuildFile; fileRef = 76E2A3701F27F5D00087A143 /* ItemDetailsVC.swift */; };
		76E2A3731F27F7BD0087A143 /* CustomTextField.swift in Sources */ = {isa = PBXBuildFile; fileRef = 76E2A3721F27F7BD0087A143 /* CustomTextField.swift */; };
		76F68D6C1F21617400B3759A /* AppDelegate.swift in Sources */ = {isa = PBXBuildFile; fileRef = 76F68D6B1F21617400B3759A /* AppDelegate.swift */; };
		76F68D6E1F21617400B3759A /* MainVC.swift in Sources */ = {isa = PBXBuildFile; fileRef = 76F68D6D1F21617400B3759A /* MainVC.swift */; };
		76F68D711F21617400B3759A /* Main.storyboard in Resources */ = {isa = PBXBuildFile; fileRef = 76F68D6F1F21617400B3759A /* Main.storyboard */; };
		76F68D741F21617400B3759A /* DreamLister.xcdatamodeld in Sources */ = {isa = PBXBuildFile; fileRef = 76F68D721F21617400B3759A /* DreamLister.xcdatamodeld */; };
		76F68D761F21617400B3759A /* Assets.xcassets in Resources */ = {isa = PBXBuildFile; fileRef = 76F68D751F21617400B3759A /* Assets.xcassets */; };
		76F68D791F21617400B3759A /* LaunchScreen.storyboard in Resources */ = {isa = PBXBuildFile; fileRef = 76F68D771F21617400B3759A /* LaunchScreen.storyboard */; };
/* End PBXBuildFile section */

/* Begin PBXFileReference section */
		7616D12D1F2170B300EFB911 /* Item+CoreDataClass.swift */ = {isa = PBXFileReference; fileEncoding = 4; lastKnownFileType = sourcecode.swift; path = "Item+CoreDataClass.swift"; sourceTree = "<group>"; };
		7616D12E1F2170B300EFB911 /* Item+CoreDataProperties.swift */ = {isa = PBXFileReference; fileEncoding = 4; lastKnownFileType = sourcecode.swift; path = "Item+CoreDataProperties.swift"; sourceTree = "<group>"; };
		7616D12F1F2170B300EFB911 /* ItemType+CoreDataClass.swift */ = {isa = PBXFileReference; fileEncoding = 4; lastKnownFileType = sourcecode.swift; path = "ItemType+CoreDataClass.swift"; sourceTree = "<group>"; };
		7616D1301F2170B300EFB911 /* ItemType+CoreDataProperties.swift */ = {isa = PBXFileReference; fileEncoding = 4; lastKnownFileType = sourcecode.swift; path = "ItemType+CoreDataProperties.swift"; sourceTree = "<group>"; };
		7616D1311F2170B300EFB911 /* Image+CoreDataClass.swift */ = {isa = PBXFileReference; fileEncoding = 4; lastKnownFileType = sourcecode.swift; path = "Image+CoreDataClass.swift"; sourceTree = "<group>"; };
		7616D1321F2170B300EFB911 /* Image+CoreDataProperties.swift */ = {isa = PBXFileReference; fileEncoding = 4; lastKnownFileType = sourcecode.swift; path = "Image+CoreDataProperties.swift"; sourceTree = "<group>"; };
		7616D1331F2170B300EFB911 /* Store+CoreDataClass.swift */ = {isa = PBXFileReference; fileEncoding = 4; lastKnownFileType = sourcecode.swift; path = "Store+CoreDataClass.swift"; sourceTree = "<group>"; };
		7616D1341F2170B300EFB911 /* Store+CoreDataProperties.swift */ = {isa = PBXFileReference; fileEncoding = 4; lastKnownFileType = sourcecode.swift; path = "Store+CoreDataProperties.swift"; sourceTree = "<group>"; };
		7616D13F1F22AB9400EFB911 /* tesla.jpg */ = {isa = PBXFileReference; lastKnownFileType = image.jpeg; path = tesla.jpg; sourceTree = "<group>"; };
		7616D1421F22ABE600EFB911 /* MaterialView.swift */ = {isa = PBXFileReference; fileEncoding = 4; lastKnownFileType = sourcecode.swift; path = MaterialView.swift; sourceTree = "<group>"; };
		7616D1441F22B30100EFB911 /* ItemCell.swift */ = {isa = PBXFileReference; fileEncoding = 4; lastKnownFileType = sourcecode.swift; path = ItemCell.swift; sourceTree = "<group>"; };
		76E2A3701F27F5D00087A143 /* ItemDetailsVC.swift */ = {isa = PBXFileReference; fileEncoding = 4; lastKnownFileType = sourcecode.swift; path = ItemDetailsVC.swift; sourceTree = "<group>"; };
		76E2A3721F27F7BD0087A143 /* CustomTextField.swift */ = {isa = PBXFileReference; fileEncoding = 4; lastKnownFileType = sourcecode.swift; path = CustomTextField.swift; sourceTree = "<group>"; };
		76F68D681F21617400B3759A /* DreamLister.app */ = {isa = PBXFileReference; explicitFileType = wrapper.application; includeInIndex = 0; path = DreamLister.app; sourceTree = BUILT_PRODUCTS_DIR; };
		76F68D6B1F21617400B3759A /* AppDelegate.swift */ = {isa = PBXFileReference; lastKnownFileType = sourcecode.swift; path = AppDelegate.swift; sourceTree = "<group>"; };
		76F68D6D1F21617400B3759A /* MainVC.swift */ = {isa = PBXFileReference; lastKnownFileType = sourcecode.swift; path = MainVC.swift; sourceTree = "<group>"; };
		76F68D701F21617400B3759A /* Base */ = {isa = PBXFileReference; lastKnownFileType = file.storyboard; name = Base; path = Base.lproj/Main.storyboard; sourceTree = "<group>"; };
		76F68D731F21617400B3759A /* DreamLister.xcdatamodel */ = {isa = PBXFileReference; lastKnownFileType = wrapper.xcdatamodel; path = DreamLister.xcdatamodel; sourceTree = "<group>"; };
		76F68D751F21617400B3759A /* Assets.xcassets */ = {isa = PBXFileReference; lastKnownFileType = folder.assetcatalog; path = Assets.xcassets; sourceTree = "<group>"; };
		76F68D781F21617400B3759A /* Base */ = {isa = PBXFileReference; lastKnownFileType = file.storyboard; name = Base; path = Base.lproj/LaunchScreen.storyboard; sourceTree = "<group>"; };
		76F68D7A1F21617400B3759A /* Info.plist */ = {isa = PBXFileReference; lastKnownFileType = text.plist.xml; path = Info.plist; sourceTree = "<group>"; };
/* End PBXFileReference section */

/* Begin PBXFrameworksBuildPhase section */
		76F68D651F21617400B3759A /* Frameworks */ = {
			isa = PBXFrameworksBuildPhase;
			buildActionMask = 2147483647;
			files = (
			);
			runOnlyForDeploymentPostprocessing = 0;
		};
/* End PBXFrameworksBuildPhase section */

/* Begin PBXGroup section */
		7616D13D1F2170EC00EFB911 /* Model */ = {
			isa = PBXGroup;
			children = (
				7616D12D1F2170B300EFB911 /* Item+CoreDataClass.swift */,
				7616D12F1F2170B300EFB911 /* ItemType+CoreDataClass.swift */,
				7616D1311F2170B300EFB911 /* Image+CoreDataClass.swift */,
				7616D1331F2170B300EFB911 /* Store+CoreDataClass.swift */,
				7616D13E1F2170F200EFB911 /* Generated */,
			);
			name = Model;
			sourceTree = "<group>";
		};
		7616D13E1F2170F200EFB911 /* Generated */ = {
			isa = PBXGroup;
			children = (
				7616D12E1F2170B300EFB911 /* Item+CoreDataProperties.swift */,
				7616D1301F2170B300EFB911 /* ItemType+CoreDataProperties.swift */,
				7616D1321F2170B300EFB911 /* Image+CoreDataProperties.swift */,
				7616D1341F2170B300EFB911 /* Store+CoreDataProperties.swift */,
			);
			name = Generated;
			sourceTree = "<group>";
		};
		7616D1411F22ABC200EFB911 /* View */ = {
			isa = PBXGroup;
			children = (
				7616D1421F22ABE600EFB911 /* MaterialView.swift */,
				7616D1441F22B30100EFB911 /* ItemCell.swift */,
				76E2A3721F27F7BD0087A143 /* CustomTextField.swift */,
			);
			name = View;
			sourceTree = "<group>";
		};
		76E2A36F1F27F5690087A143 /* Controller */ = {
			isa = PBXGroup;
			children = (
				76F68D6D1F21617400B3759A /* MainVC.swift */,
				76E2A3701F27F5D00087A143 /* ItemDetailsVC.swift */,
			);
			name = Controller;
			sourceTree = "<group>";
		};
		76F68D5F1F21617400B3759A = {
			isa = PBXGroup;
			children = (
				76F68D6A1F21617400B3759A /* DreamLister */,
				76F68D691F21617400B3759A /* Products */,
			);
			sourceTree = "<group>";
		};
		76F68D691F21617400B3759A /* Products */ = {
			isa = PBXGroup;
			children = (
				76F68D681F21617400B3759A /* DreamLister.app */,
			);
			name = Products;
			sourceTree = "<group>";
		};
		76F68D6A1F21617400B3759A /* DreamLister */ = {
			isa = PBXGroup;
			children = (
				7616D1411F22ABC200EFB911 /* View */,
				7616D13D1F2170EC00EFB911 /* Model */,
				76E2A36F1F27F5690087A143 /* Controller */,
				76F68D6B1F21617400B3759A /* AppDelegate.swift */,
				7616D13F1F22AB9400EFB911 /* tesla.jpg */,
				76F68D6F1F21617400B3759A /* Main.storyboard */,
				76F68D751F21617400B3759A /* Assets.xcassets */,
				76F68D771F21617400B3759A /* LaunchScreen.storyboard */,
				76F68D7A1F21617400B3759A /* Info.plist */,
				76F68D721F21617400B3759A /* DreamLister.xcdatamodeld */,
			);
			path = DreamLister;
			sourceTree = "<group>";
		};
/* End PBXGroup section */

/* Begin PBXNativeTarget section */
		76F68D671F21617400B3759A /* DreamLister */ = {
			isa = PBXNativeTarget;
			buildConfigurationList = 76F68D7D1F21617400B3759A /* Build configuration list for PBXNativeTarget "DreamLister" */;
			buildPhases = (
				76F68D641F21617400B3759A /* Sources */,
				76F68D651F21617400B3759A /* Frameworks */,
				76F68D661F21617400B3759A /* Resources */,
			);
			buildRules = (
			);
			dependencies = (
			);
			name = DreamLister;
			productName = DreamLister;
			productReference = 76F68D681F21617400B3759A /* DreamLister.app */;
			productType = "com.apple.product-type.application";
		};
/* End PBXNativeTarget section */

/* Begin PBXProject section */
		76F68D601F21617400B3759A /* Project object */ = {
			isa = PBXProject;
			attributes = {
				LastSwiftUpdateCheck = 0830;
				LastUpgradeCheck = 0830;
				ORGANIZATIONNAME = gomezja;
				TargetAttributes = {
					76F68D671F21617400B3759A = {
						CreatedOnToolsVersion = 8.3.3;
						ProvisioningStyle = Automatic;
					};
				};
			};
			buildConfigurationList = 76F68D631F21617400B3759A /* Build configuration list for PBXProject "DreamLister" */;
			compatibilityVersion = "Xcode 3.2";
			developmentRegion = English;
			hasScannedForEncodings = 0;
			knownRegions = (
				en,
				Base,
			);
			mainGroup = 76F68D5F1F21617400B3759A;
			productRefGroup = 76F68D691F21617400B3759A /* Products */;
			projectDirPath = "";
			projectRoot = "";
			targets = (
				76F68D671F21617400B3759A /* DreamLister */,
			);
		};
/* End PBXProject section */

/* Begin PBXResourcesBuildPhase section */
		76F68D661F21617400B3759A /* Resources */ = {
			isa = PBXResourcesBuildPhase;
			buildActionMask = 2147483647;
			files = (
				76F68D791F21617400B3759A /* LaunchScreen.storyboard in Resources */,
				7616D1401F22AB9400EFB911 /* tesla.jpg in Resources */,
				76F68D761F21617400B3759A /* Assets.xcassets in Resources */,
				76F68D711F21617400B3759A /* Main.storyboard in Resources */,
			);
			runOnlyForDeploymentPostprocessing = 0;
		};
/* End PBXResourcesBuildPhase section */

/* Begin PBXSourcesBuildPhase section */
		76F68D641F21617400B3759A /* Sources */ = {
			isa = PBXSourcesBuildPhase;
			buildActionMask = 2147483647;
			files = (
				7616D1451F22B30100EFB911 /* ItemCell.swift in Sources */,
				7616D13A1F2170B300EFB911 /* Image+CoreDataProperties.swift in Sources */,
				7616D1371F2170B300EFB911 /* ItemType+CoreDataClass.swift in Sources */,
				76F68D6E1F21617400B3759A /* MainVC.swift in Sources */,
				7616D1431F22ABE600EFB911 /* MaterialView.swift in Sources */,
				76F68D6C1F21617400B3759A /* AppDelegate.swift in Sources */,
				7616D13C1F2170B300EFB911 /* Store+CoreDataProperties.swift in Sources */,
				7616D1391F2170B300EFB911 /* Image+CoreDataClass.swift in Sources */,
				76E2A3711F27F5D00087A143 /* ItemDetailsVC.swift in Sources */,
				7616D1351F2170B300EFB911 /* Item+CoreDataClass.swift in Sources */,
				76F68D741F21617400B3759A /* DreamLister.xcdatamodeld in Sources */,
				7616D13B1F2170B300EFB911 /* Store+CoreDataClass.swift in Sources */,
				7616D1381F2170B300EFB911 /* ItemType+CoreDataProperties.swift in Sources */,
				7616D1361F2170B300EFB911 /* Item+CoreDataProperties.swift in Sources */,
				76E2A3731F27F7BD0087A143 /* CustomTextField.swift in Sources */,
			);
			runOnlyForDeploymentPostprocessing = 0;
		};
/* End PBXSourcesBuildPhase section */

/* Begin PBXVariantGroup section */
		76F68D6F1F21617400B3759A /* Main.storyboard */ = {
			isa = PBXVariantGroup;
			children = (
				76F68D701F21617400B3759A /* Base */,
			);
			name = Main.storyboard;
			sourceTree = "<group>";
		};
		76F68D771F21617400B3759A /* LaunchScreen.storyboard */ = {
			isa = PBXVariantGroup;
			children = (
				76F68D781F21617400B3759A /* Base */,
			);
			name = LaunchScreen.storyboard;
			sourceTree = "<group>";
		};
/* End PBXVariantGroup section */

/* Begin XCBuildConfiguration section */
		76F68D7B1F21617400B3759A /* Debug */ = {
			isa = XCBuildConfiguration;
			buildSettings = {
				ALWAYS_SEARCH_USER_PATHS = NO;
				CLANG_ANALYZER_NONNULL = YES;
				CLANG_ANALYZER_NUMBER_OBJECT_CONVERSION = YES_AGGRESSIVE;
				CLANG_CXX_LANGUAGE_STANDARD = "gnu++0x";
				CLANG_CXX_LIBRARY = "libc++";
				CLANG_ENABLE_MODULES = YES;
				CLANG_ENABLE_OBJC_ARC = YES;
				CLANG_WARN_BOOL_CONVERSION = YES;
				CLANG_WARN_CONSTANT_CONVERSION = YES;
				CLANG_WARN_DIRECT_OBJC_ISA_USAGE = YES_ERROR;
				CLANG_WARN_DOCUMENTATION_COMMENTS = YES;
				CLANG_WARN_EMPTY_BODY = YES;
				CLANG_WARN_ENUM_CONVERSION = YES;
				CLANG_WARN_INFINITE_RECURSION = YES;
				CLANG_WARN_INT_CONVERSION = YES;
				CLANG_WARN_OBJC_ROOT_CLASS = YES_ERROR;
				CLANG_WARN_SUSPICIOUS_MOVE = YES;
				CLANG_WARN_UNREACHABLE_CODE = YES;
				CLANG_WARN__DUPLICATE_METHOD_MATCH = YES;
				"CODE_SIGN_IDENTITY[sdk=iphoneos*]" = "iPhone Developer";
				COPY_PHASE_STRIP = NO;
				DEBUG_INFORMATION_FORMAT = dwarf;
				ENABLE_STRICT_OBJC_MSGSEND = YES;
				ENABLE_TESTABILITY = YES;
				GCC_C_LANGUAGE_STANDARD = gnu99;
				GCC_DYNAMIC_NO_PIC = NO;
				GCC_NO_COMMON_BLOCKS = YES;
				GCC_OPTIMIZATION_LEVEL = 0;
				GCC_PREPROCESSOR_DEFINITIONS = (
					"DEBUG=1",
					"$(inherited)",
				);
				GCC_WARN_64_TO_32_BIT_CONVERSION = YES;
				GCC_WARN_ABOUT_RETURN_TYPE = YES_ERROR;
				GCC_WARN_UNDECLARED_SELECTOR = YES;
				GCC_WARN_UNINITIALIZED_AUTOS = YES_AGGRESSIVE;
				GCC_WARN_UNUSED_FUNCTION = YES;
				GCC_WARN_UNUSED_VARIABLE = YES;
				IPHONEOS_DEPLOYMENT_TARGET = 10.3;
				MTL_ENABLE_DEBUG_INFO = YES;
				ONLY_ACTIVE_ARCH = YES;
				SDKROOT = iphoneos;
				SWIFT_ACTIVE_COMPILATION_CONDITIONS = DEBUG;
				SWIFT_OPTIMIZATION_LEVEL = "-Onone";
			};
			name = Debug;
		};
		76F68D7C1F21617400B3759A /* Release */ = {
			isa = XCBuildConfiguration;
			buildSettings = {
				ALWAYS_SEARCH_USER_PATHS = NO;
				CLANG_ANALYZER_NONNULL = YES;
				CLANG_ANALYZER_NUMBER_OBJECT_CONVERSION = YES_AGGRESSIVE;
				CLANG_CXX_LANGUAGE_STANDARD = "gnu++0x";
				CLANG_CXX_LIBRARY = "libc++";
				CLANG_ENABLE_MODULES = YES;
				CLANG_ENABLE_OBJC_ARC = YES;
				CLANG_WARN_BOOL_CONVERSION = YES;
				CLANG_WARN_CONSTANT_CONVERSION = YES;
				CLANG_WARN_DIRECT_OBJC_ISA_USAGE = YES_ERROR;
				CLANG_WARN_DOCUMENTATION_COMMENTS = YES;
				CLANG_WARN_EMPTY_BODY = YES;
				CLANG_WARN_ENUM_CONVERSION = YES;
				CLANG_WARN_INFINITE_RECURSION = YES;
				CLANG_WARN_INT_CONVERSION = YES;
				CLANG_WARN_OBJC_ROOT_CLASS = YES_ERROR;
				CLANG_WARN_SUSPICIOUS_MOVE = YES;
				CLANG_WARN_UNREACHABLE_CODE = YES;
				CLANG_WARN__DUPLICATE_METHOD_MATCH = YES;
				"CODE_SIGN_IDENTITY[sdk=iphoneos*]" = "iPhone Developer";
				COPY_PHASE_STRIP = NO;
				DEBUG_INFORMATION_FORMAT = "dwarf-with-dsym";
				ENABLE_NS_ASSERTIONS = NO;
				ENABLE_STRICT_OBJC_MSGSEND = YES;
				GCC_C_LANGUAGE_STANDARD = gnu99;
				GCC_NO_COMMON_BLOCKS = YES;
				GCC_WARN_64_TO_32_BIT_CONVERSION = YES;
				GCC_WARN_ABOUT_RETURN_TYPE = YES_ERROR;
				GCC_WARN_UNDECLARED_SELECTOR = YES;
				GCC_WARN_UNINITIALIZED_AUTOS = YES_AGGRESSIVE;
				GCC_WARN_UNUSED_FUNCTION = YES;
				GCC_WARN_UNUSED_VARIABLE = YES;
				IPHONEOS_DEPLOYMENT_TARGET = 10.3;
				MTL_ENABLE_DEBUG_INFO = NO;
				SDKROOT = iphoneos;
				SWIFT_OPTIMIZATION_LEVEL = "-Owholemodule";
				VALIDATE_PRODUCT = YES;
			};
			name = Release;
		};
		76F68D7E1F21617400B3759A /* Debug */ = {
			isa = XCBuildConfiguration;
			buildSettings = {
				ASSETCATALOG_COMPILER_APPICON_NAME = AppIcon;
				INFOPLIST_FILE = DreamLister/Info.plist;
				LD_RUNPATH_SEARCH_PATHS = "$(inherited) @executable_path/Frameworks";
				PRODUCT_BUNDLE_IDENTIFIER = abc.DreamLister;
				PRODUCT_NAME = "$(TARGET_NAME)";
				SWIFT_VERSION = 3.0;
			};
			name = Debug;
		};
		76F68D7F1F21617400B3759A /* Release */ = {
			isa = XCBuildConfiguration;
			buildSettings = {
				ASSETCATALOG_COMPILER_APPICON_NAME = AppIcon;
				INFOPLIST_FILE = DreamLister/Info.plist;
				LD_RUNPATH_SEARCH_PATHS = "$(inherited) @executable_path/Frameworks";
				PRODUCT_BUNDLE_IDENTIFIER = abc.DreamLister;
				PRODUCT_NAME = "$(TARGET_NAME)";
				SWIFT_VERSION = 3.0;
			};
			name = Release;
		};
/* End XCBuildConfiguration section */

/* Begin XCConfigurationList section */
		76F68D631F21617400B3759A /* Build configuration list for PBXProject "DreamLister" */ = {
			isa = XCConfigurationList;
			buildConfigurations = (
				76F68D7B1F21617400B3759A /* Debug */,
				76F68D7C1F21617400B3759A /* Release */,
			);
			defaultConfigurationIsVisible = 0;
			defaultConfigurationName = Release;
		};
		76F68D7D1F21617400B3759A /* Build configuration list for PBXNativeTarget "DreamLister" */ = {
			isa = XCConfigurationList;
			buildConfigurations = (
				76F68D7E1F21617400B3759A /* Debug */,
				76F68D7F1F21617400B3759A /* Release */,
			);
			defaultConfigurationIsVisible = 0;
			defaultConfigurationName = Release;
		};
/* End XCConfigurationList section */

/* Begin XCVersionGroup section */
		76F68D721F21617400B3759A /* DreamLister.xcdatamodeld */ = {
			isa = XCVersionGroup;
			children = (
				76F68D731F21617400B3759A /* DreamLister.xcdatamodel */,
			);
			currentVersion = 76F68D731F21617400B3759A /* DreamLister.xcdatamodel */;
			path = DreamLister.xcdatamodeld;
			sourceTree = "<group>";
			versionGroupType = wrapper.xcdatamodel;
		};
/* End XCVersionGroup section */
	};
	rootObject = 76F68D601F21617400B3759A /* Project object */;
}
